// !$*UTF8*$!
{
	archiveVersion = 1;
	classes = {
	};
	objectVersion = 50;
	objects = {

/* Begin PBXBuildFile section */
		AADC798521C9216D0091033D /* PhotoViewController.swift in Sources */ = {isa = PBXBuildFile; fileRef = AADC798421C9216D0091033D /* PhotoViewController.swift */; };
		AAFCE2CC21BFE1DC00390E6C /* AppDelegate.swift in Sources */ = {isa = PBXBuildFile; fileRef = AAFCE2CB21BFE1DC00390E6C /* AppDelegate.swift */; };
		AAFCE2CE21BFE1DD00390E6C /* ViewController.swift in Sources */ = {isa = PBXBuildFile; fileRef = AAFCE2CD21BFE1DD00390E6C /* ViewController.swift */; };
		AAFCE2D121BFE1DD00390E6C /* Main.storyboard in Resources */ = {isa = PBXBuildFile; fileRef = AAFCE2CF21BFE1DD00390E6C /* Main.storyboard */; };
		AAFCE2D321BFE1E100390E6C /* Assets.xcassets in Resources */ = {isa = PBXBuildFile; fileRef = AAFCE2D221BFE1E100390E6C /* Assets.xcassets */; };
		AAFCE2D621BFE1E100390E6C /* LaunchScreen.storyboard in Resources */ = {isa = PBXBuildFile; fileRef = AAFCE2D421BFE1E100390E6C /* LaunchScreen.storyboard */; };
/* End PBXBuildFile section */

/* Begin PBXFileReference section */
		AADC798421C9216D0091033D /* PhotoViewController.swift */ = {isa = PBXFileReference; lastKnownFileType = sourcecode.swift; path = PhotoViewController.swift; sourceTree = "<group>"; };
		AAFCE2C821BFE1DC00390E6C /* 181211.app */ = {isa = PBXFileReference; explicitFileType = wrapper.application; includeInIndex = 0; path = 181211.app; sourceTree = BUILT_PRODUCTS_DIR; };
		AAFCE2CB21BFE1DC00390E6C /* AppDelegate.swift */ = {isa = PBXFileReference; lastKnownFileType = sourcecode.swift; path = AppDelegate.swift; sourceTree = "<group>"; };
		AAFCE2CD21BFE1DD00390E6C /* ViewController.swift */ = {isa = PBXFileReference; lastKnownFileType = sourcecode.swift; path = ViewController.swift; sourceTree = "<group>"; };
		AAFCE2D021BFE1DD00390E6C /* Base */ = {isa = PBXFileReference; lastKnownFileType = file.storyboard; name = Base; path = Base.lproj/Main.storyboard; sourceTree = "<group>"; };
		AAFCE2D221BFE1E100390E6C /* Assets.xcassets */ = {isa = PBXFileReference; lastKnownFileType = folder.assetcatalog; path = Assets.xcassets; sourceTree = "<group>"; };
		AAFCE2D521BFE1E100390E6C /* Base */ = {isa = PBXFileReference; lastKnownFileType = file.storyboard; name = Base; path = Base.lproj/LaunchScreen.storyboard; sourceTree = "<group>"; };
		AAFCE2D721BFE1E100390E6C /* Info.plist */ = {isa = PBXFileReference; lastKnownFileType = text.plist.xml; path = Info.plist; sourceTree = "<group>"; };
/* End PBXFileReference section */

/* Begin PBXFrameworksBuildPhase section */
		AAFCE2C521BFE1DC00390E6C /* Frameworks */ = {
			isa = PBXFrameworksBuildPhase;
			buildActionMask = 2147483647;
			files = (
			);
			runOnlyForDeploymentPostprocessing = 0;
		};
/* End PBXFrameworksBuildPhase section */

/* Begin PBXGroup section */
		AAFCE2BF21BFE1DC00390E6C = {
			isa = PBXGroup;
			children = (
				AAFCE2CA21BFE1DC00390E6C /* 181211 */,
				AAFCE2C921BFE1DC00390E6C /* Products */,
			);
			sourceTree = "<group>";
		};
		AAFCE2C921BFE1DC00390E6C /* Products */ = {
			isa = PBXGroup;
			children = (
				AAFCE2C821BFE1DC00390E6C /* 181211.app */,
			);
			name = Products;
			sourceTree = "<group>";
		};
		AAFCE2CA21BFE1DC00390E6C /* 181211 */ = {
			isa = PBXGroup;
			children = (
				AAFCE2CB21BFE1DC00390E6C /* AppDelegate.swift */,
				AAFCE2CD21BFE1DD00390E6C /* ViewController.swift */,
				AAFCE2CF21BFE1DD00390E6C /* Main.storyboard */,
				AADC798421C9216D0091033D /* PhotoViewController.swift */,
				AAFCE2D221BFE1E100390E6C /* Assets.xcassets */,
				AAFCE2D421BFE1E100390E6C /* LaunchScreen.storyboard */,
				AAFCE2D721BFE1E100390E6C /* Info.plist */,
			);
			path = 181211;
			sourceTree = "<group>";
		};
/* End PBXGroup section */

/* Begin PBXNativeTarget section */
		AAFCE2C721BFE1DC00390E6C /* 181211 */ = {
			isa = PBXNativeTarget;
			buildConfigurationList = AAFCE2DA21BFE1E100390E6C /* Build configuration list for PBXNativeTarget "181211" */;
			buildPhases = (
				AAFCE2C421BFE1DC00390E6C /* Sources */,
				AAFCE2C521BFE1DC00390E6C /* Frameworks */,
				AAFCE2C621BFE1DC00390E6C /* Resources */,
			);
			buildRules = (
			);
			dependencies = (
			);
			name = 181211;
			productName = 181211;
			productReference = AAFCE2C821BFE1DC00390E6C /* 181211.app */;
			productType = "com.apple.product-type.application";
		};
/* End PBXNativeTarget section */

/* Begin PBXProject section */
		AAFCE2C021BFE1DC00390E6C /* Project object */ = {
			isa = PBXProject;
			attributes = {
				LastSwiftUpdateCheck = 1010;
				LastUpgradeCheck = 1010;
				ORGANIZATIONNAME = "Yolanda H.";
				TargetAttributes = {
					AAFCE2C721BFE1DC00390E6C = {
						CreatedOnToolsVersion = 10.1;
					};
				};
			};
			buildConfigurationList = AAFCE2C321BFE1DC00390E6C /* Build configuration list for PBXProject "181211" */;
			compatibilityVersion = "Xcode 9.3";
			developmentRegion = en;
			hasScannedForEncodings = 0;
			knownRegions = (
				en,
				Base,
			);
			mainGroup = AAFCE2BF21BFE1DC00390E6C;
			productRefGroup = AAFCE2C921BFE1DC00390E6C /* Products */;
			projectDirPath = "";
			projectRoot = "";
			targets = (
				AAFCE2C721BFE1DC00390E6C /* 181211 */,
			);
		};
/* End PBXProject section */

/* Begin PBXResourcesBuildPhase section */
		AAFCE2C621BFE1DC00390E6C /* Resources */ = {
			isa = PBXResourcesBuildPhase;
			buildActionMask = 2147483647;
			files = (
				AAFCE2D621BFE1E100390E6C /* LaunchScreen.storyboard in Resources */,
				AAFCE2D321BFE1E100390E6C /* Assets.xcassets in Resources */,
				AAFCE2D121BFE1DD00390E6C /* Main.storyboard in Resources */,
			);
			runOnlyForDeploymentPostprocessing = 0;
		};
/* End PBXResourcesBuildPhase section */

/* Begin PBXSourcesBuildPhase section */
		AAFCE2C421BFE1DC00390E6C /* Sources */ = {
			isa = PBXSourcesBuildPhase;
			buildActionMask = 2147483647;
			files = (
				AAFCE2CE21BFE1DD00390E6C /* ViewController.swift in Sources */,
				AAFCE2CC21BFE1DC00390E6C /* AppDelegate.swift in Sources */,
				AADC798521C9216D0091033D /* PhotoViewController.swift in Sources */,
			);
			runOnlyForDeploymentPostprocessing = 0;
		};
/* End PBXSourcesBuildPhase section */

/* Begin PBXVariantGroup section */
		AAFCE2CF21BFE1DD00390E6C /* Main.storyboard */ = {
			isa = PBXVariantGroup;
			children = (
				AAFCE2D021BFE1DD00390E6C /* Base */,
			);
			name = Main.storyboard;
			sourceTree = "<group>";
		};
		AAFCE2D421BFE1E100390E6C /* LaunchScreen.storyboard */ = {
			isa = PBXVariantGroup;
			children = (
				AAFCE2D521BFE1E100390E6C /* Base */,
			);
			name = LaunchScreen.storyboard;
			sourceTree = "<group>";
		};
/* End PBXVariantGroup section */

/* Begin XCBuildConfiguration section */
		AAFCE2D821BFE1E100390E6C /* Debug */ = {
			isa = XCBuildConfiguration;
			buildSettings = {
				ALWAYS_SEARCH_USER_PATHS = NO;
				CLANG_ANALYZER_NONNULL = YES;
				CLANG_ANALYZER_NUMBER_OBJECT_CONVERSION = YES_AGGRESSIVE;
				CLANG_CXX_LANGUAGE_STANDARD = "gnu++14";
				CLANG_CXX_LIBRARY = "libc++";
				CLANG_ENABLE_MODULES = YES;
				CLANG_ENABLE_OBJC_ARC = YES;
				CLANG_ENABLE_OBJC_WEAK = YES;
				CLANG_WARN_BLOCK_CAPTURE_AUTORELEASING = YES;
				CLANG_WARN_BOOL_CONVERSION = YES;
				CLANG_WARN_COMMA = YES;
				CLANG_WARN_CONSTANT_CONVERSION = YES;
				CLANG_WARN_DEPRECATED_OBJC_IMPLEMENTATIONS = YES;
				CLANG_WARN_DIRECT_OBJC_ISA_USAGE = YES_ERROR;
				CLANG_WARN_DOCUMENTATION_COMMENTS = YES;
				CLANG_WARN_EMPTY_BODY = YES;
				CLANG_WARN_ENUM_CONVERSION = YES;
				CLANG_WARN_INFINITE_RECURSION = YES;
				CLANG_WARN_INT_CONVERSION = YES;
				CLANG_WARN_NON_LITERAL_NULL_CONVERSION = YES;
				CLANG_WARN_OBJC_IMPLICIT_RETAIN_SELF = YES;
				CLANG_WARN_OBJC_LITERAL_CONVERSION = YES;
				CLANG_WARN_OBJC_ROOT_CLASS = YES_ERROR;
				CLANG_WARN_RANGE_LOOP_ANALYSIS = YES;
				CLANG_WARN_STRICT_PROTOTYPES = YES;
				CLANG_WARN_SUSPICIOUS_MOVE = YES;
				CLANG_WARN_UNGUARDED_AVAILABILITY = YES_AGGRESSIVE;
				CLANG_WARN_UNREACHABLE_CODE = YES;
				CLANG_WARN__DUPLICATE_METHOD_MATCH = YES;
				CODE_SIGN_IDENTITY = "iPhone Developer";
				COPY_PHASE_STRIP = NO;
				DEBUG_INFORMATION_FORMAT = dwarf;
				ENABLE_STRICT_OBJC_MSGSEND = YES;
				ENABLE_TESTABILITY = YES;
				GCC_C_LANGUAGE_STANDARD = gnu11;
				GCC_DYNAMIC_NO_PIC = NO;
				GCC_NO_COMMON_BLOCKS = YES;
				GCC_OPTIMIZATION_LEVEL = 0;
				GCC_PREPROCESSOR_DEFINITIONS = (
					"DEBUG=1",
					"$(inherited)",
				);
				GCC_WARN_64_TO_32_BIT_CONVERSION = YES;
				GCC_WARN_ABOUT_RETURN_TYPE = YES_ERROR;
				GCC_WARN_UNDECLARED_SELECTOR = YES;
				GCC_WARN_UNINITIALIZED_AUTOS = YES_AGGRESSIVE;
				GCC_WARN_UNUSED_FUNCTION = YES;
				GCC_WARN_UNUSED_VARIABLE = YES;
				IPHONEOS_DEPLOYMENT_TARGET = 12.1;
				MTL_ENABLE_DEBUG_INFO = INCLUDE_SOURCE;
				MTL_FAST_MATH = YES;
				ONLY_ACTIVE_ARCH = YES;
				SDKROOT = iphoneos;
				SWIFT_ACTIVE_COMPILATION_CONDITIONS = DEBUG;
				SWIFT_OPTIMIZATION_LEVEL = "-Onone";
			};
			name = Debug;
		};
		AAFCE2D921BFE1E100390E6C /* Release */ = {
			isa = XCBuildConfiguration;
			buildSettings = {
				ALWAYS_SEARCH_USER_PATHS = NO;
				CLANG_ANALYZER_NONNULL = YES;
				CLANG_ANALYZER_NUMBER_OBJECT_CONVERSION = YES_AGGRESSIVE;
				CLANG_CXX_LANGUAGE_STANDARD = "gnu++14";
				CLANG_CXX_LIBRARY = "libc++";
				CLANG_ENABLE_MODULES = YES;
				CLANG_ENABLE_OBJC_ARC = YES;
				CLANG_ENABLE_OBJC_WEAK = YES;
				CLANG_WARN_BLOCK_CAPTURE_AUTORELEASING = YES;
				CLANG_WARN_BOOL_CONVERSION = YES;
				CLANG_WARN_COMMA = YES;
				CLANG_WARN_CONSTANT_CONVERSION = YES;
				CLANG_WARN_DEPRECATED_OBJC_IMPLEMENTATIONS = YES;
				CLANG_WARN_DIRECT_OBJC_ISA_USAGE = YES_ERROR;
				CLANG_WARN_DOCUMENTATION_COMMENTS = YES;
				CLANG_WARN_EMPTY_BODY = YES;
				CLANG_WARN_ENUM_CONVERSION = YES;
				CLANG_WARN_INFINITE_RECURSION = YES;
				CLANG_WARN_INT_CONVERSION = YES;
				CLANG_WARN_NON_LITERAL_NULL_CONVERSION = YES;
				CLANG_WARN_OBJC_IMPLICIT_RETAIN_SELF = YES;
				CLANG_WARN_OBJC_LITERAL_CONVERSION = YES;
				CLANG_WARN_OBJC_ROOT_CLASS = YES_ERROR;
				CLANG_WARN_RANGE_LOOP_ANALYSIS = YES;
				CLANG_WARN_STRICT_PROTOTYPES = YES;
				CLANG_WARN_SUSPICIOUS_MOVE = YES;
				CLANG_WARN_UNGUARDED_AVAILABILITY = YES_AGGRESSIVE;
				CLANG_WARN_UNREACHABLE_CODE = YES;
				CLANG_WARN__DUPLICATE_METHOD_MATCH = YES;
				CODE_SIGN_IDENTITY = "iPhone Developer";
				COPY_PHASE_STRIP = NO;
				DEBUG_INFORMATION_FORMAT = "dwarf-with-dsym";
				ENABLE_NS_ASSERTIONS = NO;
				ENABLE_STRICT_OBJC_MSGSEND = YES;
				GCC_C_LANGUAGE_STANDARD = gnu11;
				GCC_NO_COMMON_BLOCKS = YES;
				GCC_WARN_64_TO_32_BIT_CONVERSION = YES;
				GCC_WARN_ABOUT_RETURN_TYPE = YES_ERROR;
				GCC_WARN_UNDECLARED_SELECTOR = YES;
				GCC_WARN_UNINITIALIZED_AUTOS = YES_AGGRESSIVE;
				GCC_WARN_UNUSED_FUNCTION = YES;
				GCC_WARN_UNUSED_VARIABLE = YES;
				IPHONEOS_DEPLOYMENT_TARGET = 12.1;
				MTL_ENABLE_DEBUG_INFO = NO;
				MTL_FAST_MATH = YES;
				SDKROOT = iphoneos;
				SWIFT_COMPILATION_MODE = wholemodule;
				SWIFT_OPTIMIZATION_LEVEL = "-O";
				VALIDATE_PRODUCT = YES;
			};
			name = Release;
		};
		AAFCE2DB21BFE1E100390E6C /* Debug */ = {
			isa = XCBuildConfiguration;
			buildSettings = {
				ASSETCATALOG_COMPILER_APPICON_NAME = AppIcon;
				CODE_SIGN_STYLE = Automatic;
				DEVELOPMENT_TEAM = 79GYT6HJ92;
				INFOPLIST_FILE = 181211/Info.plist;
				LD_RUNPATH_SEARCH_PATHS = (
					"$(inherited)",
					"@executable_path/Frameworks",
				);
				PRODUCT_BUNDLE_IDENTIFIER = "com.yolanda.-81211";
				PRODUCT_NAME = "$(TARGET_NAME)";
				SWIFT_VERSION = 4.2;
				TARGETED_DEVICE_FAMILY = "1,2";
			};
			name = Debug;
		};
		AAFCE2DC21BFE1E100390E6C /* Release */ = {
			isa = XCBuildConfiguration;
			buildSettings = {
				ASSETCATALOG_COMPILER_APPICON_NAME = AppIcon;
				CODE_SIGN_STYLE = Automatic;
				DEVELOPMENT_TEAM = 79GYT6HJ92;
				INFOPLIST_FILE = 181211/Info.plist;
				LD_RUNPATH_SEARCH_PATHS = (
					"$(inherited)",
					"@executable_path/Frameworks",
				);
				PRODUCT_BUNDLE_IDENTIFIER = "com.yolanda.-81211";
				PRODUCT_NAME = "$(TARGET_NAME)";
				SWIFT_VERSION = 4.2;
				TARGETED_DEVICE_FAMILY = "1,2";
			};
			name = Release;
		};
/* End XCBuildConfiguration section */

/* Begin XCConfigurationList section */
		AAFCE2C321BFE1DC00390E6C /* Build configuration list for PBXProject "181211" */ = {
			isa = XCConfigurationList;
			buildConfigurations = (
				AAFCE2D821BFE1E100390E6C /* Debug */,
				AAFCE2D921BFE1E100390E6C /* Release */,
			);
			defaultConfigurationIsVisible = 0;
			defaultConfigurationName = Release;
		};
		AAFCE2DA21BFE1E100390E6C /* Build configuration list for PBXNativeTarget "181211" */ = {
			isa = XCConfigurationList;
			buildConfigurations = (
				AAFCE2DB21BFE1E100390E6C /* Debug */,
				AAFCE2DC21BFE1E100390E6C /* Release */,
			);
			defaultConfigurationIsVisible = 0;
			defaultConfigurationName = Release;
		};
/* End XCConfigurationList section */
	};
	rootObject = AAFCE2C021BFE1DC00390E6C /* Project object */;
}
